<?xml version="1.0" encoding="utf-8"?>
<Project ToolsVersion="4.0" xmlns="http://schemas.microsoft.com/developer/msbuild/2003">
  <ItemGroup>
    <Filter Include="Исходные файлы">
      <UniqueIdentifier>{4FC737F1-C7A5-4376-A066-2A32D752A2FF}</UniqueIdentifier>
      <Extensions>cpp;c;cc;cxx;c++;cppm;ixx;def;odl;idl;hpj;bat;asm;asmx</Extensions>
    </Filter>
    <Filter Include="Файлы заголовков">
      <UniqueIdentifier>{93995380-89BD-4b04-88EB-625FBE52EBFB}</UniqueIdentifier>
      <Extensions>h;hh;hpp;hxx;h++;hm;inl;inc;ipp;xsd</Extensions>
    </Filter>
    <Filter Include="Файлы ресурсов">
      <UniqueIdentifier>{67DA6AB6-F800-4c08-8B7A-83BB121AAD01}</UniqueIdentifier>
      <Extensions>rc;ico;cur;bmp;dlg;rc2;rct;bin;rgs;gif;jpg;jpeg;jpe;resx;tiff;tif;png;wav;mfcribbon-ms</Extensions>
    </Filter>
    <Filter Include="Файлы заголовков\models">
      <UniqueIdentifier>{9216b0c3-82fb-49d6-aba9-fde7214aad10}</UniqueIdentifier>
    </Filter>
    <Filter Include="Файлы заголовков\dataaccess">
      <UniqueIdentifier>{8a182243-3932-420b-984e-9772e9ca0f39}</UniqueIdentifier>
    </Filter>
    <Filter Include="Файлы заголовков\domain">
      <UniqueIdentifier>{0f0c2844-0efb-43ca-90cb-48dbbd8656dd}</UniqueIdentifier>
    </Filter>
    <Filter Include="Файлы заголовков\presentation">
      <UniqueIdentifier>{30b0c3b4-dc92-46b5-8e37-2be312038140}</UniqueIdentifier>
    </Filter>
    <Filter Include="Исходные файлы\models">
      <UniqueIdentifier>{b167e8c2-957b-4ee1-9a08-d4528d0af2db}</UniqueIdentifier>
    </Filter>
    <Filter Include="Исходные файлы\domain">
      <UniqueIdentifier>{92aeed09-a430-45f5-8f08-6d3ac065a9ab}</UniqueIdentifier>
    </Filter>
    <Filter Include="Исходные файлы\dataaccess">
      <UniqueIdentifier>{b0bfcd42-7c52-45d6-9671-895622fa41a4}</UniqueIdentifier>
    </Filter>
    <Filter Include="Исходные файлы\presentation">
      <UniqueIdentifier>{d70c61df-2db3-4752-8836-b0b3962addd4}</UniqueIdentifier>
    </Filter>
    <Filter Include="Файлы заголовков\dataaccess\abstract">
      <UniqueIdentifier>{f67f9c2d-cec5-474d-928f-f03ba705f93c}</UniqueIdentifier>
    </Filter>
    <Filter Include="Исходные файлы\dataaccess\abstract">
      <UniqueIdentifier>{754d6ecc-27ba-4b89-8eb8-5e5fcec6f133}</UniqueIdentifier>
    </Filter>
    <Filter Include="Файлы заголовков\time">
      <UniqueIdentifier>{a0e72e1d-415f-4de2-9e94-4609611c16a2}</UniqueIdentifier>
    </Filter>
    <Filter Include="Исходные файлы\time">
      <UniqueIdentifier>{199d131c-941a-41e4-b055-e2e9437b9bd1}</UniqueIdentifier>
    </Filter>
  </ItemGroup>
  <ItemGroup>
    <ClCompile Include="FlightManager.cpp">
      <Filter>Исходные файлы</Filter>
    </ClCompile>
    <ClCompile Include="CoordinateModel.cpp">
      <Filter>Исходные файлы\models</Filter>
    </ClCompile>
    <ClCompile Include="RouteModel.cpp">
      <Filter>Исходные файлы\models</Filter>
    </ClCompile>
    <ClCompile Include="PlaneModel.cpp">
      <Filter>Исходные файлы\models</Filter>
    </ClCompile>
    <ClCompile Include="ExecutingRouteModel.cpp">
      <Filter>Исходные файлы\models</Filter>
    </ClCompile>
    <ClCompile Include="PlaneRepository.cpp">
      <Filter>Исходные файлы\dataaccess</Filter>
    </ClCompile>
    <ClCompile Include="RouteRepository.cpp">
      <Filter>Исходные файлы\dataaccess</Filter>
    </ClCompile>
    <ClCompile Include="Timer.cpp">
      <Filter>Исходные файлы\time</Filter>
    </ClCompile>
    <ClCompile Include="ExecutingRouteRepository.cpp">
      <Filter>Исходные файлы\dataaccess</Filter>
    </ClCompile>
    <ClCompile Include="BaseRepository.cpp">
      <Filter>Исходные файлы\dataaccess\abstract</Filter>
    </ClCompile>
    <ClCompile Include="BaseFileRepository.cpp">
      <Filter>Исходные файлы\dataaccess\abstract</Filter>
    </ClCompile>
    <ClCompile Include="RouteManager.cpp">
      <Filter>Исходные файлы\domain</Filter>
    </ClCompile>
    <ClCompile Include="PlaneStatusModel.cpp">
      <Filter>Исходные файлы\models</Filter>
    </ClCompile>
  </ItemGroup>
  <ItemGroup>
    <ClInclude Include="PlaneModel.h">
      <Filter>Файлы заголовков\models</Filter>
    </ClInclude>
    <ClInclude Include="RouteModel.h">
      <Filter>Файлы заголовков\models</Filter>
    </ClInclude>
    <ClInclude Include="CoordinateModel.h">
      <Filter>Файлы заголовков\models</Filter>
    </ClInclude>
    <ClInclude Include="ExecutingRouteModel.h">
      <Filter>Файлы заголовков\models</Filter>
    </ClInclude>
    <ClInclude Include="Timer.h">
      <Filter>Файлы заголовков\time</Filter>
    </ClInclude>
    <ClInclude Include="PlaneRepository.h">
      <Filter>Файлы заголовков\dataaccess</Filter>
    </ClInclude>
    <ClInclude Include="RouteRepository.h">
      <Filter>Файлы заголовков\dataaccess</Filter>
    </ClInclude>
    <ClInclude Include="ExecutingRouteRepository.h">
      <Filter>Файлы заголовков\dataaccess</Filter>
    </ClInclude>
    <ClInclude Include="BaseFileRepository.h">
      <Filter>Файлы заголовков\dataaccess\abstract</Filter>
    </ClInclude>
    <ClInclude Include="BaseRepository.h">
      <Filter>Файлы заголовков\dataaccess\abstract</Filter>
    </ClInclude>
    <ClInclude Include="PlaneStatusModel.h">
      <Filter>Файлы заголовков\models</Filter>
    </ClInclude>
    <ClInclude Include="RouteManager.h">
      <Filter>Файлы заголовков\domain</Filter>
    </ClInclude>
  </ItemGroup>
</Project>